
Microsoft Visual Studio Solution File, Format Version 12.00
# Visual Studio Version 17
VisualStudioVersion = 17.7.34003.232
MinimumVisualStudioVersion = 10.0.40219.1
Project("{9A19103F-16F7-4668-BE54-9A1E7A4F7556}") = "DAL", "AccessControlSystem\DAL.csproj", "{CAC12F00-AD7E-4659-A403-7D50D0B1DEC0}"
EndProject
Project("{2150E333-8FDC-42A3-9474-1A3956D46DE8}") = "Catalog", "Catalog", "{90B5AA78-8F27-4851-9E15-B9883B7187F9}"
EndProject
Project("{9A19103F-16F7-4668-BE54-9A1E7A4F7556}") = "TestProject1", "TestProject1\TestProject1.csproj", "{27604132-0A36-4F4D-9D45-E4D5C165D5EF}"
EndProject
Project("{FAE04EC0-301F-11D3-BF4B-00C04F79EFBC}") = "BBL", "BBL\BBL.csproj", "{DCE177D8-7569-4538-BBEF-B25A02B15B7B}"
EndProject
Project("{FAE04EC0-301F-11D3-BF4B-00C04F79EFBC}") = "CCL", "CCL\CCL.csproj", "{AC93EE39-9304-404F-A85D-E2CD556C7B6A}"
EndProject
Project("{FAE04EC0-301F-11D3-BF4B-00C04F79EFBC}") = "BBL.Tests", "BBL.Tests\BBL.Tests.csproj", "{1B84B810-3CE6-4854-963E-FAD2843DE5EE}"
EndProject
Global
	GlobalSection(SolutionConfigurationPlatforms) = preSolution
		Debug|Any CPU = Debug|Any CPU
		Release|Any CPU = Release|Any CPU
	EndGlobalSection
	GlobalSection(ProjectConfigurationPlatforms) = postSolution
		{CAC12F00-AD7E-4659-A403-7D50D0B1DEC0}.Debug|Any CPU.ActiveCfg = Debug|Any CPU
		{CAC12F00-AD7E-4659-A403-7D50D0B1DEC0}.Debug|Any CPU.Build.0 = Debug|Any CPU
		{CAC12F00-AD7E-4659-A403-7D50D0B1DEC0}.Release|Any CPU.ActiveCfg = Release|Any CPU
		{CAC12F00-AD7E-4659-A403-7D50D0B1DEC0}.Release|Any CPU.Build.0 = Release|Any CPU
		{27604132-0A36-4F4D-9D45-E4D5C165D5EF}.Debug|Any CPU.ActiveCfg = Debug|Any CPU
		{27604132-0A36-4F4D-9D45-E4D5C165D5EF}.Debug|Any CPU.Build.0 = Debug|Any CPU
		{27604132-0A36-4F4D-9D45-E4D5C165D5EF}.Release|Any CPU.ActiveCfg = Release|Any CPU
		{27604132-0A36-4F4D-9D45-E4D5C165D5EF}.Release|Any CPU.Build.0 = Release|Any CPU
		{DCE177D8-7569-4538-BBEF-B25A02B15B7B}.Debug|Any CPU.ActiveCfg = Debug|Any CPU
		{DCE177D8-7569-4538-BBEF-B25A02B15B7B}.Debug|Any CPU.Build.0 = Debug|Any CPU
		{DCE177D8-7569-4538-BBEF-B25A02B15B7B}.Release|Any CPU.ActiveCfg = Release|Any CPU
		{DCE177D8-7569-4538-BBEF-B25A02B15B7B}.Release|Any CPU.Build.0 = Release|Any CPU
		{AC93EE39-9304-404F-A85D-E2CD556C7B6A}.Debug|Any CPU.ActiveCfg = Debug|Any CPU
		{AC93EE39-9304-404F-A85D-E2CD556C7B6A}.Debug|Any CPU.Build.0 = Debug|Any CPU
		{AC93EE39-9304-404F-A85D-E2CD556C7B6A}.Release|Any CPU.ActiveCfg = Release|Any CPU
		{AC93EE39-9304-404F-A85D-E2CD556C7B6A}.Release|Any CPU.Build.0 = Release|Any CPU
		{1B84B810-3CE6-4854-963E-FAD2843DE5EE}.Debug|Any CPU.ActiveCfg = Debug|Any CPU
		{1B84B810-3CE6-4854-963E-FAD2843DE5EE}.Debug|Any CPU.Build.0 = Debug|Any CPU
		{1B84B810-3CE6-4854-963E-FAD2843DE5EE}.Release|Any CPU.ActiveCfg = Release|Any CPU
		{1B84B810-3CE6-4854-963E-FAD2843DE5EE}.Release|Any CPU.Build.0 = Release|Any CPU
	EndGlobalSection
	GlobalSection(SolutionProperties) = preSolution
		HideSolutionNode = FALSE
	EndGlobalSection
	GlobalSection(NestedProjects) = preSolution
		{CAC12F00-AD7E-4659-A403-7D50D0B1DEC0} = {90B5AA78-8F27-4851-9E15-B9883B7187F9}
		{27604132-0A36-4F4D-9D45-E4D5C165D5EF} = {90B5AA78-8F27-4851-9E15-B9883B7187F9}
		{DCE177D8-7569-4538-BBEF-B25A02B15B7B} = {90B5AA78-8F27-4851-9E15-B9883B7187F9}
		{AC93EE39-9304-404F-A85D-E2CD556C7B6A} = {90B5AA78-8F27-4851-9E15-B9883B7187F9}
		{1B84B810-3CE6-4854-963E-FAD2843DE5EE} = {90B5AA78-8F27-4851-9E15-B9883B7187F9}
	EndGlobalSection
	GlobalSection(ExtensibilityGlobals) = postSolution
		SolutionGuid = {854A5198-3553-4831-92D0-8CEFC58279FC}
	EndGlobalSection
EndGlobal
